
Microsoft Visual Studio Solution File, Format Version 11.00
# Visual Studio 2010
Project("{FAE04EC0-301F-11D3-BF4B-00C04F79EFBC}") = "Blade.Compiler", "Compiler\Blade.Compiler.csproj", "{D9C1D464-EA45-4C6C-82AB-F0D7025BDB51}"
EndProject
Project("{FAE04EC0-301F-11D3-BF4B-00C04F79EFBC}") = "Blade.Build", "Build\Blade.Build.csproj", "{7F671A2F-8261-4507-8069-1209275FF403}"
EndProject
Project("{FAE04EC0-301F-11D3-BF4B-00C04F79EFBC}") = "Blade.Runtime.mscorlib", "Runtime\mscorlib\Blade.Runtime.mscorlib.csproj", "{E415F2ED-194D-44F9-8D11-0637A1DC949F}"
EndProject
Project("{FAE04EC0-301F-11D3-BF4B-00C04F79EFBC}") = "Blade.Runtime.SystemCore", "Runtime\SystemCore\Blade.Runtime.SystemCore.csproj", "{59C54ED6-C13E-4806-8856-2A4EAD5C9174}"
EndProject
Project("{2150E333-8FDC-42A3-9474-1A3956D46DE8}") = "Runtime", "Runtime", "{47F76D07-FEB2-4AD5-BF7A-5114DA05469F}"
EndProject
Project("{2150E333-8FDC-42A3-9474-1A3956D46DE8}") = "Resources", "Resources", "{1CD597F5-8231-42C8-B309-8A2AA97FBB05}"
	ProjectSection(SolutionItems) = preProject
		Resources\Blade.targets = Resources\Blade.targets
		Resources\FrameworkList.xml = Resources\FrameworkList.xml
	EndProjectSection
EndProject
Project("{54435603-DBB4-11D2-8724-00A0C9A8B90C}") = "Blade.Installer", "Setup\Installer\Blade.Installer.vdproj", "{406C194E-7816-47DC-B155-EEFE8ACD8846}"
	ProjectSection(ProjectDependencies) = postProject
		{7F671A2F-8261-4507-8069-1209275FF403} = {7F671A2F-8261-4507-8069-1209275FF403}
		{D9C1D464-EA45-4C6C-82AB-F0D7025BDB51} = {D9C1D464-EA45-4C6C-82AB-F0D7025BDB51}
		{1DB8ADC3-ED88-453B-BCCE-5FB729ABF3C5} = {1DB8ADC3-ED88-453B-BCCE-5FB729ABF3C5}
		{59C54ED6-C13E-4806-8856-2A4EAD5C9174} = {59C54ED6-C13E-4806-8856-2A4EAD5C9174}
		{E415F2ED-194D-44F9-8D11-0637A1DC949F} = {E415F2ED-194D-44F9-8D11-0637A1DC949F}
	EndProjectSection
EndProject
Project("{2150E333-8FDC-42A3-9474-1A3956D46DE8}") = "Setup", "Setup", "{E89F2E04-0DC7-4FBB-9059-D40445C0D3A5}"
EndProject
Project("{FAE04EC0-301F-11D3-BF4B-00C04F79EFBC}") = "Blade.ClassItemTemplate", "Setup\ClassItemTemplate\Blade.ClassItemTemplate.csproj", "{81629B6E-3C38-4325-869E-A39A3324B68E}"
EndProject
Project("{FAE04EC0-301F-11D3-BF4B-00C04F79EFBC}") = "Blade.ClassLibraryTemplate", "Setup\ClassLibraryTemplate\Blade.ClassLibraryTemplate.csproj", "{0D671456-3194-4E99-A309-C75D40A0E45F}"
EndProject
Project("{FAE04EC0-301F-11D3-BF4B-00C04F79EFBC}") = "Blade.VSIX", "Setup\VSIX\Blade.VSIX.csproj", "{1DB8ADC3-ED88-453B-BCCE-5FB729ABF3C5}"
EndProject
Global
	GlobalSection(TestCaseManagementSettings) = postSolution
		CategoryFile = Blade.vsmdi
	EndGlobalSection
	GlobalSection(SolutionConfigurationPlatforms) = preSolution
		Debug|Any CPU = Debug|Any CPU
		Debug|Mixed Platforms = Debug|Mixed Platforms
		Debug|x86 = Debug|x86
		Release|Any CPU = Release|Any CPU
		Release|Mixed Platforms = Release|Mixed Platforms
		Release|x86 = Release|x86
	EndGlobalSection
	GlobalSection(ProjectConfigurationPlatforms) = postSolution
		{D9C1D464-EA45-4C6C-82AB-F0D7025BDB51}.Debug|Any CPU.ActiveCfg = Debug|Any CPU
		{D9C1D464-EA45-4C6C-82AB-F0D7025BDB51}.Debug|Any CPU.Build.0 = Debug|Any CPU
		{D9C1D464-EA45-4C6C-82AB-F0D7025BDB51}.Debug|Mixed Platforms.ActiveCfg = Debug|Any CPU
		{D9C1D464-EA45-4C6C-82AB-F0D7025BDB51}.Debug|Mixed Platforms.Build.0 = Debug|Any CPU
		{D9C1D464-EA45-4C6C-82AB-F0D7025BDB51}.Debug|x86.ActiveCfg = Debug|Any CPU
		{D9C1D464-EA45-4C6C-82AB-F0D7025BDB51}.Release|Any CPU.ActiveCfg = Release|Any CPU
		{D9C1D464-EA45-4C6C-82AB-F0D7025BDB51}.Release|Any CPU.Build.0 = Release|Any CPU
		{D9C1D464-EA45-4C6C-82AB-F0D7025BDB51}.Release|Mixed Platforms.ActiveCfg = Release|Any CPU
		{D9C1D464-EA45-4C6C-82AB-F0D7025BDB51}.Release|Mixed Platforms.Build.0 = Release|Any CPU
		{D9C1D464-EA45-4C6C-82AB-F0D7025BDB51}.Release|x86.ActiveCfg = Release|Any CPU
		{7F671A2F-8261-4507-8069-1209275FF403}.Debug|Any CPU.ActiveCfg = Debug|Any CPU
		{7F671A2F-8261-4507-8069-1209275FF403}.Debug|Any CPU.Build.0 = Debug|Any CPU
		{7F671A2F-8261-4507-8069-1209275FF403}.Debug|Mixed Platforms.ActiveCfg = Debug|Any CPU
		{7F671A2F-8261-4507-8069-1209275FF403}.Debug|Mixed Platforms.Build.0 = Debug|Any CPU
		{7F671A2F-8261-4507-8069-1209275FF403}.Debug|x86.ActiveCfg = Debug|Any CPU
		{7F671A2F-8261-4507-8069-1209275FF403}.Release|Any CPU.ActiveCfg = Release|Any CPU
		{7F671A2F-8261-4507-8069-1209275FF403}.Release|Any CPU.Build.0 = Release|Any CPU
		{7F671A2F-8261-4507-8069-1209275FF403}.Release|Mixed Platforms.ActiveCfg = Release|Any CPU
		{7F671A2F-8261-4507-8069-1209275FF403}.Release|Mixed Platforms.Build.0 = Release|Any CPU
		{7F671A2F-8261-4507-8069-1209275FF403}.Release|x86.ActiveCfg = Release|Any CPU
		{E415F2ED-194D-44F9-8D11-0637A1DC949F}.Debug|Any CPU.ActiveCfg = Debug|x86
		{E415F2ED-194D-44F9-8D11-0637A1DC949F}.Debug|Mixed Platforms.ActiveCfg = Debug|x86
		{E415F2ED-194D-44F9-8D11-0637A1DC949F}.Debug|Mixed Platforms.Build.0 = Debug|x86
		{E415F2ED-194D-44F9-8D11-0637A1DC949F}.Debug|x86.ActiveCfg = Debug|x86
		{E415F2ED-194D-44F9-8D11-0637A1DC949F}.Debug|x86.Build.0 = Debug|x86
		{E415F2ED-194D-44F9-8D11-0637A1DC949F}.Release|Any CPU.ActiveCfg = Release|x86
		{E415F2ED-194D-44F9-8D11-0637A1DC949F}.Release|Mixed Platforms.ActiveCfg = Release|x86
		{E415F2ED-194D-44F9-8D11-0637A1DC949F}.Release|Mixed Platforms.Build.0 = Release|x86
		{E415F2ED-194D-44F9-8D11-0637A1DC949F}.Release|x86.ActiveCfg = Release|x86
		{E415F2ED-194D-44F9-8D11-0637A1DC949F}.Release|x86.Build.0 = Release|x86
		{59C54ED6-C13E-4806-8856-2A4EAD5C9174}.Debug|Any CPU.ActiveCfg = Debug|x86
		{59C54ED6-C13E-4806-8856-2A4EAD5C9174}.Debug|Mixed Platforms.ActiveCfg = Debug|x86
		{59C54ED6-C13E-4806-8856-2A4EAD5C9174}.Debug|Mixed Platforms.Build.0 = Debug|x86
		{59C54ED6-C13E-4806-8856-2A4EAD5C9174}.Debug|x86.ActiveCfg = Debug|x86
		{59C54ED6-C13E-4806-8856-2A4EAD5C9174}.Debug|x86.Build.0 = Debug|x86
		{59C54ED6-C13E-4806-8856-2A4EAD5C9174}.Release|Any CPU.ActiveCfg = Release|x86
		{59C54ED6-C13E-4806-8856-2A4EAD5C9174}.Release|Mixed Platforms.ActiveCfg = Release|x86
		{59C54ED6-C13E-4806-8856-2A4EAD5C9174}.Release|Mixed Platforms.Build.0 = Release|x86
		{59C54ED6-C13E-4806-8856-2A4EAD5C9174}.Release|x86.ActiveCfg = Release|x86
		{59C54ED6-C13E-4806-8856-2A4EAD5C9174}.Release|x86.Build.0 = Release|x86
		{406C194E-7816-47DC-B155-EEFE8ACD8846}.Debug|Any CPU.ActiveCfg = Debug
		{406C194E-7816-47DC-B155-EEFE8ACD8846}.Debug|Mixed Platforms.ActiveCfg = Debug
		{406C194E-7816-47DC-B155-EEFE8ACD8846}.Debug|x86.ActiveCfg = Debug
		{406C194E-7816-47DC-B155-EEFE8ACD8846}.Release|Any CPU.ActiveCfg = Release
		{406C194E-7816-47DC-B155-EEFE8ACD8846}.Release|Mixed Platforms.ActiveCfg = Release
		{406C194E-7816-47DC-B155-EEFE8ACD8846}.Release|x86.ActiveCfg = Release
		{81629B6E-3C38-4325-869E-A39A3324B68E}.Debug|Any CPU.ActiveCfg = Debug|Any CPU
		{81629B6E-3C38-4325-869E-A39A3324B68E}.Debug|Any CPU.Build.0 = Debug|Any CPU
		{81629B6E-3C38-4325-869E-A39A3324B68E}.Debug|Mixed Platforms.ActiveCfg = Debug|Any CPU
		{81629B6E-3C38-4325-869E-A39A3324B68E}.Debug|Mixed Platforms.Build.0 = Debug|Any CPU
		{81629B6E-3C38-4325-869E-A39A3324B68E}.Debug|x86.ActiveCfg = Debug|Any CPU
		{81629B6E-3C38-4325-869E-A39A3324B68E}.Release|Any CPU.ActiveCfg = Release|Any CPU
		{81629B6E-3C38-4325-869E-A39A3324B68E}.Release|Any CPU.Build.0 = Release|Any CPU
		{81629B6E-3C38-4325-869E-A39A3324B68E}.Release|Mixed Platforms.ActiveCfg = Release|Any CPU
		{81629B6E-3C38-4325-869E-A39A3324B68E}.Release|Mixed Platforms.Build.0 = Release|Any CPU
		{81629B6E-3C38-4325-869E-A39A3324B68E}.Release|x86.ActiveCfg = Release|Any CPU
		{0D671456-3194-4E99-A309-C75D40A0E45F}.Debug|Any CPU.ActiveCfg = Debug|Any CPU
		{0D671456-3194-4E99-A309-C75D40A0E45F}.Debug|Any CPU.Build.0 = Debug|Any CPU
		{0D671456-3194-4E99-A309-C75D40A0E45F}.Debug|Mixed Platforms.ActiveCfg = Debug|Any CPU
		{0D671456-3194-4E99-A309-C75D40A0E45F}.Debug|Mixed Platforms.Build.0 = Debug|Any CPU
		{0D671456-3194-4E99-A309-C75D40A0E45F}.Debug|x86.ActiveCfg = Debug|Any CPU
		{0D671456-3194-4E99-A309-C75D40A0E45F}.Release|Any CPU.ActiveCfg = Release|Any CPU
		{0D671456-3194-4E99-A309-C75D40A0E45F}.Release|Any CPU.Build.0 = Release|Any CPU
		{0D671456-3194-4E99-A309-C75D40A0E45F}.Release|Mixed Platforms.ActiveCfg = Release|Any CPU
		{0D671456-3194-4E99-A309-C75D40A0E45F}.Release|Mixed Platforms.Build.0 = Release|Any CPU
		{0D671456-3194-4E99-A309-C75D40A0E45F}.Release|x86.ActiveCfg = Release|Any CPU
		{1DB8ADC3-ED88-453B-BCCE-5FB729ABF3C5}.Debug|Any CPU.ActiveCfg = Debug|Any CPU
		{1DB8ADC3-ED88-453B-BCCE-5FB729ABF3C5}.Debug|Any CPU.Build.0 = Debug|Any CPU
		{1DB8ADC3-ED88-453B-BCCE-5FB729ABF3C5}.Debug|Mixed Platforms.ActiveCfg = Debug|Any CPU
		{1DB8ADC3-ED88-453B-BCCE-5FB729ABF3C5}.Debug|Mixed Platforms.Build.0 = Debug|Any CPU
		{1DB8ADC3-ED88-453B-BCCE-5FB729ABF3C5}.Debug|x86.ActiveCfg = Debug|Any CPU
		{1DB8ADC3-ED88-453B-BCCE-5FB729ABF3C5}.Release|Any CPU.ActiveCfg = Release|Any CPU
		{1DB8ADC3-ED88-453B-BCCE-5FB729ABF3C5}.Release|Any CPU.Build.0 = Release|Any CPU
		{1DB8ADC3-ED88-453B-BCCE-5FB729ABF3C5}.Release|Mixed Platforms.ActiveCfg = Release|Any CPU
		{1DB8ADC3-ED88-453B-BCCE-5FB729ABF3C5}.Release|Mixed Platforms.Build.0 = Release|Any CPU
		{1DB8ADC3-ED88-453B-BCCE-5FB729ABF3C5}.Release|x86.ActiveCfg = Release|Any CPU
	EndGlobalSection
	GlobalSection(SolutionProperties) = preSolution
		HideSolutionNode = FALSE
	EndGlobalSection
	GlobalSection(NestedProjects) = preSolution
		{59C54ED6-C13E-4806-8856-2A4EAD5C9174} = {47F76D07-FEB2-4AD5-BF7A-5114DA05469F}
		{E415F2ED-194D-44F9-8D11-0637A1DC949F} = {47F76D07-FEB2-4AD5-BF7A-5114DA05469F}
		{406C194E-7816-47DC-B155-EEFE8ACD8846} = {E89F2E04-0DC7-4FBB-9059-D40445C0D3A5}
		{81629B6E-3C38-4325-869E-A39A3324B68E} = {E89F2E04-0DC7-4FBB-9059-D40445C0D3A5}
		{0D671456-3194-4E99-A309-C75D40A0E45F} = {E89F2E04-0DC7-4FBB-9059-D40445C0D3A5}
		{1DB8ADC3-ED88-453B-BCCE-5FB729ABF3C5} = {E89F2E04-0DC7-4FBB-9059-D40445C0D3A5}
	EndGlobalSection
EndGlobal
